
Microsoft Visual Studio Solution File, Format Version 12.00
# Visual Studio Version 16
VisualStudioVersion = 16.0.30011.22
MinimumVisualStudioVersion = 10.0.40219.1
Project("{9A19103F-16F7-4668-BE54-9A1E7A4F7556}") = "BlazorClient", "BlazorClient.csproj", "{099E8E70-3A1D-4773-A2FF-25605194323F}"
EndProject
Project("{9A19103F-16F7-4668-BE54-9A1E7A4F7556}") = "HBMUnitTests", "..\..\NUnitTestProject1\HBMUnitTests.csproj", "{4CDD36FF-C650-4CC1-A4B4-05829B3B9337}"
EndProject
Global
	GlobalSection(SolutionConfigurationPlatforms) = preSolution
		Debug|Any CPU = Debug|Any CPU
		Release|Any CPU = Release|Any CPU
	EndGlobalSection
	GlobalSection(ProjectConfigurationPlatforms) = postSolution
		{099E8E70-3A1D-4773-A2FF-25605194323F}.Debug|Any CPU.ActiveCfg = Debug|Any CPU
		{099E8E70-3A1D-4773-A2FF-25605194323F}.Debug|Any CPU.Build.0 = Debug|Any CPU
		{099E8E70-3A1D-4773-A2FF-25605194323F}.Release|Any CPU.ActiveCfg = Release|Any CPU
		{099E8E70-3A1D-4773-A2FF-25605194323F}.Release|Any CPU.Build.0 = Release|Any CPU
		{4CDD36FF-C650-4CC1-A4B4-05829B3B9337}.Debug|Any CPU.ActiveCfg = Debug|Any CPU
		{4CDD36FF-C650-4CC1-A4B4-05829B3B9337}.Debug|Any CPU.Build.0 = Debug|Any CPU
		{4CDD36FF-C650-4CC1-A4B4-05829B3B9337}.Release|Any CPU.ActiveCfg = Release|Any CPU
		{4CDD36FF-C650-4CC1-A4B4-05829B3B9337}.Release|Any CPU.Build.0 = Release|Any CPU
	EndGlobalSection
	GlobalSection(SolutionProperties) = preSolution
		HideSolutionNode = FALSE
	EndGlobalSection
	GlobalSection(ExtensibilityGlobals) = postSolution
		SolutionGuid = {B217CABF-C49A-4661-AF7C-AE54CE50547B}
	EndGlobalSection
EndGlobal
